
Microsoft Visual Studio Solution File, Format Version 12.00
# Visual Studio Version 17
VisualStudioVersion = 17.14.36310.24 d17.14
MinimumVisualStudioVersion = 10.0.40219.1
Project("{FAE04EC0-301F-11D3-BF4B-00C04F79EFBC}") = "WEEK4_IT10_V2", "WEEK4_IT10_V2\WEEK4_IT10_V2.csproj", "{A313C781-0510-4B32-889F-425D0DAF9133}"
EndProject
Global
	GlobalSection(SolutionConfigurationPlatforms) = preSolution
		Debug|Any CPU = Debug|Any CPU
		Release|Any CPU = Release|Any CPU
	EndGlobalSection
	GlobalSection(ProjectConfigurationPlatforms) = postSolution
		{A313C781-0510-4B32-889F-425D0DAF9133}.Debug|Any CPU.ActiveCfg = Debug|Any CPU
		{A313C781-0510-4B32-889F-425D0DAF9133}.Debug|Any CPU.Build.0 = Debug|Any CPU
		{A313C781-0510-4B32-889F-425D0DAF9133}.Release|Any CPU.ActiveCfg = Release|Any CPU
		{A313C781-0510-4B32-889F-425D0DAF9133}.Release|Any CPU.Build.0 = Release|Any CPU
	EndGlobalSection
	GlobalSection(SolutionProperties) = preSolution
		HideSolutionNode = FALSE
	EndGlobalSection
	GlobalSection(ExtensibilityGlobals) = postSolution
		SolutionGuid = {DD9ABFA0-DE50-4255-9EE9-2711A7579DCE}
	EndGlobalSection
EndGlobal
